
Microsoft Visual Studio Solution File, Format Version 12.00
# Visual Studio Version 17
VisualStudioVersion = 17.14.36121.58
MinimumVisualStudioVersion = 10.0.40219.1
Project("{FAE04EC0-301F-11D3-BF4B-00C04F79EFBC}") = "MovieService", "MovieService\MovieService.csproj", "{033CD831-39F5-4AD5-9D08-087B2A3C68B9}"
EndProject
Project("{FAE04EC0-301F-11D3-BF4B-00C04F79EFBC}") = "TheaterService", "TheaterService\TheaterService.csproj", "{B0C71C0C-3BFC-415C-9DAD-D61560673256}"
EndProject
Project("{FAE04EC0-301F-11D3-BF4B-00C04F79EFBC}") = "BookingService", "Booking Service\BookingService.csproj", "{4F071EB6-6D32-44B7-BF14-9926476590F4}"
EndProject
Project("{FAE04EC0-301F-11D3-BF4B-00C04F79EFBC}") = "PaymentService", "PaymentService\PaymentService.csproj", "{9AAD756A-2A7E-41EF-AA1F-58225E1D8CA3}"
EndProject
Global
	GlobalSection(SolutionConfigurationPlatforms) = preSolution
		Debug|Any CPU = Debug|Any CPU
		Release|Any CPU = Release|Any CPU
	EndGlobalSection
	GlobalSection(ProjectConfigurationPlatforms) = postSolution
		{033CD831-39F5-4AD5-9D08-087B2A3C68B9}.Debug|Any CPU.ActiveCfg = Debug|Any CPU
		{033CD831-39F5-4AD5-9D08-087B2A3C68B9}.Debug|Any CPU.Build.0 = Debug|Any CPU
		{033CD831-39F5-4AD5-9D08-087B2A3C68B9}.Release|Any CPU.ActiveCfg = Release|Any CPU
		{033CD831-39F5-4AD5-9D08-087B2A3C68B9}.Release|Any CPU.Build.0 = Release|Any CPU
		{B0C71C0C-3BFC-415C-9DAD-D61560673256}.Debug|Any CPU.ActiveCfg = Debug|Any CPU
		{B0C71C0C-3BFC-415C-9DAD-D61560673256}.Debug|Any CPU.Build.0 = Debug|Any CPU
		{B0C71C0C-3BFC-415C-9DAD-D61560673256}.Release|Any CPU.ActiveCfg = Release|Any CPU
		{B0C71C0C-3BFC-415C-9DAD-D61560673256}.Release|Any CPU.Build.0 = Release|Any CPU
		{4F071EB6-6D32-44B7-BF14-9926476590F4}.Debug|Any CPU.ActiveCfg = Debug|Any CPU
		{4F071EB6-6D32-44B7-BF14-9926476590F4}.Debug|Any CPU.Build.0 = Debug|Any CPU
		{4F071EB6-6D32-44B7-BF14-9926476590F4}.Release|Any CPU.ActiveCfg = Release|Any CPU
		{4F071EB6-6D32-44B7-BF14-9926476590F4}.Release|Any CPU.Build.0 = Release|Any CPU
		{9AAD756A-2A7E-41EF-AA1F-58225E1D8CA3}.Debug|Any CPU.ActiveCfg = Debug|Any CPU
		{9AAD756A-2A7E-41EF-AA1F-58225E1D8CA3}.Debug|Any CPU.Build.0 = Debug|Any CPU
		{9AAD756A-2A7E-41EF-AA1F-58225E1D8CA3}.Release|Any CPU.ActiveCfg = Release|Any CPU
		{9AAD756A-2A7E-41EF-AA1F-58225E1D8CA3}.Release|Any CPU.Build.0 = Release|Any CPU
	EndGlobalSection
	GlobalSection(SolutionProperties) = preSolution
		HideSolutionNode = FALSE
	EndGlobalSection
	GlobalSection(ExtensibilityGlobals) = postSolution
		SolutionGuid = {DBBFACEF-144E-48C2-B465-8A4FE603C1C2}
	EndGlobalSection
EndGlobal
